// !$*UTF8*$!
{
	archiveVersion = 1;
	classes = {
	};
	objectVersion = 48;
	objects = {

/* Begin PBXBuildFile section */
		585439811FCD675F00A2BAE8 /* AppDelegate.swift in Sources */ = {isa = PBXBuildFile; fileRef = 585439801FCD675F00A2BAE8 /* AppDelegate.swift */; };
		585439831FCD675F00A2BAE8 /* ViewController.swift in Sources */ = {isa = PBXBuildFile; fileRef = 585439821FCD675F00A2BAE8 /* ViewController.swift */; };
		585439861FCD675F00A2BAE8 /* Main.storyboard in Resources */ = {isa = PBXBuildFile; fileRef = 585439841FCD675F00A2BAE8 /* Main.storyboard */; };
		585439891FCD675F00A2BAE8 /* List_Shopping.xcdatamodeld in Sources */ = {isa = PBXBuildFile; fileRef = 585439871FCD675F00A2BAE8 /* List_Shopping.xcdatamodeld */; };
		5854398B1FCD675F00A2BAE8 /* Assets.xcassets in Resources */ = {isa = PBXBuildFile; fileRef = 5854398A1FCD675F00A2BAE8 /* Assets.xcassets */; };
		5854398E1FCD675F00A2BAE8 /* LaunchScreen.storyboard in Resources */ = {isa = PBXBuildFile; fileRef = 5854398C1FCD675F00A2BAE8 /* LaunchScreen.storyboard */; };
		585439991FCD675F00A2BAE8 /* List_ShoppingTests.swift in Sources */ = {isa = PBXBuildFile; fileRef = 585439981FCD675F00A2BAE8 /* List_ShoppingTests.swift */; };
		585439A41FCD675F00A2BAE8 /* List_ShoppingUITests.swift in Sources */ = {isa = PBXBuildFile; fileRef = 585439A31FCD675F00A2BAE8 /* List_ShoppingUITests.swift */; };
/* End PBXBuildFile section */

/* Begin PBXContainerItemProxy section */
		585439951FCD675F00A2BAE8 /* PBXContainerItemProxy */ = {
			isa = PBXContainerItemProxy;
			containerPortal = 585439751FCD675F00A2BAE8 /* Project object */;
			proxyType = 1;
			remoteGlobalIDString = 5854397C1FCD675F00A2BAE8;
			remoteInfo = "List Shopping";
		};
		585439A01FCD675F00A2BAE8 /* PBXContainerItemProxy */ = {
			isa = PBXContainerItemProxy;
			containerPortal = 585439751FCD675F00A2BAE8 /* Project object */;
			proxyType = 1;
			remoteGlobalIDString = 5854397C1FCD675F00A2BAE8;
			remoteInfo = "List Shopping";
		};
/* End PBXContainerItemProxy section */

/* Begin PBXFileReference section */
		5854397D1FCD675F00A2BAE8 /* List Shopping.app */ = {isa = PBXFileReference; explicitFileType = wrapper.application; includeInIndex = 0; path = "List Shopping.app"; sourceTree = BUILT_PRODUCTS_DIR; };
		585439801FCD675F00A2BAE8 /* AppDelegate.swift */ = {isa = PBXFileReference; lastKnownFileType = sourcecode.swift; path = AppDelegate.swift; sourceTree = "<group>"; };
		585439821FCD675F00A2BAE8 /* ViewController.swift */ = {isa = PBXFileReference; lastKnownFileType = sourcecode.swift; path = ViewController.swift; sourceTree = "<group>"; };
		585439851FCD675F00A2BAE8 /* Base */ = {isa = PBXFileReference; lastKnownFileType = file.storyboard; name = Base; path = Base.lproj/Main.storyboard; sourceTree = "<group>"; };
		585439881FCD675F00A2BAE8 /* List_Shopping.xcdatamodel */ = {isa = PBXFileReference; lastKnownFileType = wrapper.xcdatamodel; path = List_Shopping.xcdatamodel; sourceTree = "<group>"; };
		5854398A1FCD675F00A2BAE8 /* Assets.xcassets */ = {isa = PBXFileReference; lastKnownFileType = folder.assetcatalog; path = Assets.xcassets; sourceTree = "<group>"; };
		5854398D1FCD675F00A2BAE8 /* Base */ = {isa = PBXFileReference; lastKnownFileType = file.storyboard; name = Base; path = Base.lproj/LaunchScreen.storyboard; sourceTree = "<group>"; };
		5854398F1FCD675F00A2BAE8 /* Info.plist */ = {isa = PBXFileReference; lastKnownFileType = text.plist.xml; path = Info.plist; sourceTree = "<group>"; };
		585439941FCD675F00A2BAE8 /* List ShoppingTests.xctest */ = {isa = PBXFileReference; explicitFileType = wrapper.cfbundle; includeInIndex = 0; path = "List ShoppingTests.xctest"; sourceTree = BUILT_PRODUCTS_DIR; };
		585439981FCD675F00A2BAE8 /* List_ShoppingTests.swift */ = {isa = PBXFileReference; lastKnownFileType = sourcecode.swift; path = List_ShoppingTests.swift; sourceTree = "<group>"; };
		5854399A1FCD675F00A2BAE8 /* Info.plist */ = {isa = PBXFileReference; lastKnownFileType = text.plist.xml; path = Info.plist; sourceTree = "<group>"; };
		5854399F1FCD675F00A2BAE8 /* List ShoppingUITests.xctest */ = {isa = PBXFileReference; explicitFileType = wrapper.cfbundle; includeInIndex = 0; path = "List ShoppingUITests.xctest"; sourceTree = BUILT_PRODUCTS_DIR; };
		585439A31FCD675F00A2BAE8 /* List_ShoppingUITests.swift */ = {isa = PBXFileReference; lastKnownFileType = sourcecode.swift; path = List_ShoppingUITests.swift; sourceTree = "<group>"; };
		585439A51FCD675F00A2BAE8 /* Info.plist */ = {isa = PBXFileReference; lastKnownFileType = text.plist.xml; path = Info.plist; sourceTree = "<group>"; };
/* End PBXFileReference section */

/* Begin PBXFrameworksBuildPhase section */
		5854397A1FCD675F00A2BAE8 /* Frameworks */ = {
			isa = PBXFrameworksBuildPhase;
			buildActionMask = 2147483647;
			files = (
			);
			runOnlyForDeploymentPostprocessing = 0;
		};
		585439911FCD675F00A2BAE8 /* Frameworks */ = {
			isa = PBXFrameworksBuildPhase;
			buildActionMask = 2147483647;
			files = (
			);
			runOnlyForDeploymentPostprocessing = 0;
		};
		5854399C1FCD675F00A2BAE8 /* Frameworks */ = {
			isa = PBXFrameworksBuildPhase;
			buildActionMask = 2147483647;
			files = (
			);
			runOnlyForDeploymentPostprocessing = 0;
		};
/* End PBXFrameworksBuildPhase section */

/* Begin PBXGroup section */
		585439741FCD675F00A2BAE8 = {
			isa = PBXGroup;
			children = (
				5854397F1FCD675F00A2BAE8 /* List Shopping */,
				585439971FCD675F00A2BAE8 /* List ShoppingTests */,
				585439A21FCD675F00A2BAE8 /* List ShoppingUITests */,
				5854397E1FCD675F00A2BAE8 /* Products */,
			);
			sourceTree = "<group>";
		};
		5854397E1FCD675F00A2BAE8 /* Products */ = {
			isa = PBXGroup;
			children = (
				5854397D1FCD675F00A2BAE8 /* List Shopping.app */,
				585439941FCD675F00A2BAE8 /* List ShoppingTests.xctest */,
				5854399F1FCD675F00A2BAE8 /* List ShoppingUITests.xctest */,
			);
			name = Products;
			sourceTree = "<group>";
		};
		5854397F1FCD675F00A2BAE8 /* List Shopping */ = {
			isa = PBXGroup;
			children = (
				585439801FCD675F00A2BAE8 /* AppDelegate.swift */,
				585439821FCD675F00A2BAE8 /* ViewController.swift */,
				585439841FCD675F00A2BAE8 /* Main.storyboard */,
				5854398A1FCD675F00A2BAE8 /* Assets.xcassets */,
				5854398C1FCD675F00A2BAE8 /* LaunchScreen.storyboard */,
				5854398F1FCD675F00A2BAE8 /* Info.plist */,
				585439871FCD675F00A2BAE8 /* List_Shopping.xcdatamodeld */,
			);
			path = "List Shopping";
			sourceTree = "<group>";
		};
		585439971FCD675F00A2BAE8 /* List ShoppingTests */ = {
			isa = PBXGroup;
			children = (
				585439981FCD675F00A2BAE8 /* List_ShoppingTests.swift */,
				5854399A1FCD675F00A2BAE8 /* Info.plist */,
			);
			path = "List ShoppingTests";
			sourceTree = "<group>";
		};
		585439A21FCD675F00A2BAE8 /* List ShoppingUITests */ = {
			isa = PBXGroup;
			children = (
				585439A31FCD675F00A2BAE8 /* List_ShoppingUITests.swift */,
				585439A51FCD675F00A2BAE8 /* Info.plist */,
			);
			path = "List ShoppingUITests";
			sourceTree = "<group>";
		};
/* End PBXGroup section */

/* Begin PBXNativeTarget section */
		5854397C1FCD675F00A2BAE8 /* List Shopping */ = {
			isa = PBXNativeTarget;
			buildConfigurationList = 585439A81FCD675F00A2BAE8 /* Build configuration list for PBXNativeTarget "List Shopping" */;
			buildPhases = (
				585439791FCD675F00A2BAE8 /* Sources */,
				5854397A1FCD675F00A2BAE8 /* Frameworks */,
				5854397B1FCD675F00A2BAE8 /* Resources */,
			);
			buildRules = (
			);
			dependencies = (
			);
			name = "List Shopping";
			productName = "List Shopping";
			productReference = 5854397D1FCD675F00A2BAE8 /* List Shopping.app */;
			productType = "com.apple.product-type.application";
		};
		585439931FCD675F00A2BAE8 /* List ShoppingTests */ = {
			isa = PBXNativeTarget;
			buildConfigurationList = 585439AB1FCD675F00A2BAE8 /* Build configuration list for PBXNativeTarget "List ShoppingTests" */;
			buildPhases = (
				585439901FCD675F00A2BAE8 /* Sources */,
				585439911FCD675F00A2BAE8 /* Frameworks */,
				585439921FCD675F00A2BAE8 /* Resources */,
			);
			buildRules = (
			);
			dependencies = (
				585439961FCD675F00A2BAE8 /* PBXTargetDependency */,
			);
			name = "List ShoppingTests";
			productName = "List ShoppingTests";
			productReference = 585439941FCD675F00A2BAE8 /* List ShoppingTests.xctest */;
			productType = "com.apple.product-type.bundle.unit-test";
		};
		5854399E1FCD675F00A2BAE8 /* List ShoppingUITests */ = {
			isa = PBXNativeTarget;
			buildConfigurationList = 585439AE1FCD675F00A2BAE8 /* Build configuration list for PBXNativeTarget "List ShoppingUITests" */;
			buildPhases = (
				5854399B1FCD675F00A2BAE8 /* Sources */,
				5854399C1FCD675F00A2BAE8 /* Frameworks */,
				5854399D1FCD675F00A2BAE8 /* Resources */,
			);
			buildRules = (
			);
			dependencies = (
				585439A11FCD675F00A2BAE8 /* PBXTargetDependency */,
			);
			name = "List ShoppingUITests";
			productName = "List ShoppingUITests";
			productReference = 5854399F1FCD675F00A2BAE8 /* List ShoppingUITests.xctest */;
			productType = "com.apple.product-type.bundle.ui-testing";
		};
/* End PBXNativeTarget section */

/* Begin PBXProject section */
		585439751FCD675F00A2BAE8 /* Project object */ = {
			isa = PBXProject;
			attributes = {
				LastSwiftUpdateCheck = 0910;
				LastUpgradeCheck = 0910;
				ORGANIZATIONNAME = muqorrobin;
				TargetAttributes = {
					5854397C1FCD675F00A2BAE8 = {
						CreatedOnToolsVersion = 9.1;
						ProvisioningStyle = Automatic;
					};
					585439931FCD675F00A2BAE8 = {
						CreatedOnToolsVersion = 9.1;
						ProvisioningStyle = Automatic;
						TestTargetID = 5854397C1FCD675F00A2BAE8;
					};
					5854399E1FCD675F00A2BAE8 = {
						CreatedOnToolsVersion = 9.1;
						ProvisioningStyle = Automatic;
						TestTargetID = 5854397C1FCD675F00A2BAE8;
					};
				};
			};
			buildConfigurationList = 585439781FCD675F00A2BAE8 /* Build configuration list for PBXProject "List Shopping" */;
			compatibilityVersion = "Xcode 8.0";
			developmentRegion = en;
			hasScannedForEncodings = 0;
			knownRegions = (
				en,
				Base,
			);
			mainGroup = 585439741FCD675F00A2BAE8;
			productRefGroup = 5854397E1FCD675F00A2BAE8 /* Products */;
			projectDirPath = "";
			projectRoot = "";
			targets = (
				5854397C1FCD675F00A2BAE8 /* List Shopping */,
				585439931FCD675F00A2BAE8 /* List ShoppingTests */,
				5854399E1FCD675F00A2BAE8 /* List ShoppingUITests */,
			);
		};
/* End PBXProject section */

/* Begin PBXResourcesBuildPhase section */
		5854397B1FCD675F00A2BAE8 /* Resources */ = {
			isa = PBXResourcesBuildPhase;
			buildActionMask = 2147483647;
			files = (
				5854398E1FCD675F00A2BAE8 /* LaunchScreen.storyboard in Resources */,
				5854398B1FCD675F00A2BAE8 /* Assets.xcassets in Resources */,
				585439861FCD675F00A2BAE8 /* Main.storyboard in Resources */,
			);
			runOnlyForDeploymentPostprocessing = 0;
		};
		585439921FCD675F00A2BAE8 /* Resources */ = {
			isa = PBXResourcesBuildPhase;
			buildActionMask = 2147483647;
			files = (
			);
			runOnlyForDeploymentPostprocessing = 0;
		};
		5854399D1FCD675F00A2BAE8 /* Resources */ = {
			isa = PBXResourcesBuildPhase;
			buildActionMask = 2147483647;
			files = (
			);
			runOnlyForDeploymentPostprocessing = 0;
		};
/* End PBXResourcesBuildPhase section */

/* Begin PBXSourcesBuildPhase section */
		585439791FCD675F00A2BAE8 /* Sources */ = {
			isa = PBXSourcesBuildPhase;
			buildActionMask = 2147483647;
			files = (
				585439891FCD675F00A2BAE8 /* List_Shopping.xcdatamodeld in Sources */,
				585439831FCD675F00A2BAE8 /* ViewController.swift in Sources */,
				585439811FCD675F00A2BAE8 /* AppDelegate.swift in Sources */,
			);
			runOnlyForDeploymentPostprocessing = 0;
		};
		585439901FCD675F00A2BAE8 /* Sources */ = {
			isa = PBXSourcesBuildPhase;
			buildActionMask = 2147483647;
			files = (
				585439991FCD675F00A2BAE8 /* List_ShoppingTests.swift in Sources */,
			);
			runOnlyForDeploymentPostprocessing = 0;
		};
		5854399B1FCD675F00A2BAE8 /* Sources */ = {
			isa = PBXSourcesBuildPhase;
			buildActionMask = 2147483647;
			files = (
				585439A41FCD675F00A2BAE8 /* List_ShoppingUITests.swift in Sources */,
			);
			runOnlyForDeploymentPostprocessing = 0;
		};
/* End PBXSourcesBuildPhase section */

/* Begin PBXTargetDependency section */
		585439961FCD675F00A2BAE8 /* PBXTargetDependency */ = {
			isa = PBXTargetDependency;
			target = 5854397C1FCD675F00A2BAE8 /* List Shopping */;
			targetProxy = 585439951FCD675F00A2BAE8 /* PBXContainerItemProxy */;
		};
		585439A11FCD675F00A2BAE8 /* PBXTargetDependency */ = {
			isa = PBXTargetDependency;
			target = 5854397C1FCD675F00A2BAE8 /* List Shopping */;
			targetProxy = 585439A01FCD675F00A2BAE8 /* PBXContainerItemProxy */;
		};
/* End PBXTargetDependency section */

/* Begin PBXVariantGroup section */
		585439841FCD675F00A2BAE8 /* Main.storyboard */ = {
			isa = PBXVariantGroup;
			children = (
				585439851FCD675F00A2BAE8 /* Base */,
			);
			name = Main.storyboard;
			sourceTree = "<group>";
		};
		5854398C1FCD675F00A2BAE8 /* LaunchScreen.storyboard */ = {
			isa = PBXVariantGroup;
			children = (
				5854398D1FCD675F00A2BAE8 /* Base */,
			);
			name = LaunchScreen.storyboard;
			sourceTree = "<group>";
		};
/* End PBXVariantGroup section */

/* Begin XCBuildConfiguration section */
		585439A61FCD675F00A2BAE8 /* Debug */ = {
			isa = XCBuildConfiguration;
			buildSettings = {
				ALWAYS_SEARCH_USER_PATHS = NO;
				CLANG_ANALYZER_NONNULL = YES;
				CLANG_ANALYZER_NUMBER_OBJECT_CONVERSION = YES_AGGRESSIVE;
				CLANG_CXX_LANGUAGE_STANDARD = "gnu++14";
				CLANG_CXX_LIBRARY = "libc++";
				CLANG_ENABLE_MODULES = YES;
				CLANG_ENABLE_OBJC_ARC = YES;
				CLANG_WARN_BLOCK_CAPTURE_AUTORELEASING = YES;
				CLANG_WARN_BOOL_CONVERSION = YES;
				CLANG_WARN_COMMA = YES;
				CLANG_WARN_CONSTANT_CONVERSION = YES;
				CLANG_WARN_DIRECT_OBJC_ISA_USAGE = YES_ERROR;
				CLANG_WARN_DOCUMENTATION_COMMENTS = YES;
				CLANG_WARN_EMPTY_BODY = YES;
				CLANG_WARN_ENUM_CONVERSION = YES;
				CLANG_WARN_INFINITE_RECURSION = YES;
				CLANG_WARN_INT_CONVERSION = YES;
				CLANG_WARN_NON_LITERAL_NULL_CONVERSION = YES;
				CLANG_WARN_OBJC_LITERAL_CONVERSION = YES;
				CLANG_WARN_OBJC_ROOT_CLASS = YES_ERROR;
				CLANG_WARN_RANGE_LOOP_ANALYSIS = YES;
				CLANG_WARN_STRICT_PROTOTYPES = YES;
				CLANG_WARN_SUSPICIOUS_MOVE = YES;
				CLANG_WARN_UNGUARDED_AVAILABILITY = YES_AGGRESSIVE;
				CLANG_WARN_UNREACHABLE_CODE = YES;
				CLANG_WARN__DUPLICATE_METHOD_MATCH = YES;
				CODE_SIGN_IDENTITY = "iPhone Developer";
				COPY_PHASE_STRIP = NO;
				DEBUG_INFORMATION_FORMAT = dwarf;
				ENABLE_STRICT_OBJC_MSGSEND = YES;
				ENABLE_TESTABILITY = YES;
				GCC_C_LANGUAGE_STANDARD = gnu11;
				GCC_DYNAMIC_NO_PIC = NO;
				GCC_NO_COMMON_BLOCKS = YES;
				GCC_OPTIMIZATION_LEVEL = 0;
				GCC_PREPROCESSOR_DEFINITIONS = (
					"DEBUG=1",
					"$(inherited)",
				);
				GCC_WARN_64_TO_32_BIT_CONVERSION = YES;
				GCC_WARN_ABOUT_RETURN_TYPE = YES_ERROR;
				GCC_WARN_UNDECLARED_SELECTOR = YES;
				GCC_WARN_UNINITIALIZED_AUTOS = YES_AGGRESSIVE;
				GCC_WARN_UNUSED_FUNCTION = YES;
				GCC_WARN_UNUSED_VARIABLE = YES;
				IPHONEOS_DEPLOYMENT_TARGET = 11.1;
				MTL_ENABLE_DEBUG_INFO = YES;
				ONLY_ACTIVE_ARCH = YES;
				SDKROOT = iphoneos;
				SWIFT_ACTIVE_COMPILATION_CONDITIONS = DEBUG;
				SWIFT_OPTIMIZATION_LEVEL = "-Onone";
			};
			name = Debug;
		};
		585439A71FCD675F00A2BAE8 /* Release */ = {
			isa = XCBuildConfiguration;
			buildSettings = {
				ALWAYS_SEARCH_USER_PATHS = NO;
				CLANG_ANALYZER_NONNULL = YES;
				CLANG_ANALYZER_NUMBER_OBJECT_CONVERSION = YES_AGGRESSIVE;
				CLANG_CXX_LANGUAGE_STANDARD = "gnu++14";
				CLANG_CXX_LIBRARY = "libc++";
				CLANG_ENABLE_MODULES = YES;
				CLANG_ENABLE_OBJC_ARC = YES;
				CLANG_WARN_BLOCK_CAPTURE_AUTORELEASING = YES;
				CLANG_WARN_BOOL_CONVERSION = YES;
				CLANG_WARN_COMMA = YES;
				CLANG_WARN_CONSTANT_CONVERSION = YES;
				CLANG_WARN_DIRECT_OBJC_ISA_USAGE = YES_ERROR;
				CLANG_WARN_DOCUMENTATION_COMMENTS = YES;
				CLANG_WARN_EMPTY_BODY = YES;
				CLANG_WARN_ENUM_CONVERSION = YES;
				CLANG_WARN_INFINITE_RECURSION = YES;
				CLANG_WARN_INT_CONVERSION = YES;
				CLANG_WARN_NON_LITERAL_NULL_CONVERSION = YES;
				CLANG_WARN_OBJC_LITERAL_CONVERSION = YES;
				CLANG_WARN_OBJC_ROOT_CLASS = YES_ERROR;
				CLANG_WARN_RANGE_LOOP_ANALYSIS = YES;
				CLANG_WARN_STRICT_PROTOTYPES = YES;
				CLANG_WARN_SUSPICIOUS_MOVE = YES;
				CLANG_WARN_UNGUARDED_AVAILABILITY = YES_AGGRESSIVE;
				CLANG_WARN_UNREACHABLE_CODE = YES;
				CLANG_WARN__DUPLICATE_METHOD_MATCH = YES;
				CODE_SIGN_IDENTITY = "iPhone Developer";
				COPY_PHASE_STRIP = NO;
				DEBUG_INFORMATION_FORMAT = "dwarf-with-dsym";
				ENABLE_NS_ASSERTIONS = NO;
				ENABLE_STRICT_OBJC_MSGSEND = YES;
				GCC_C_LANGUAGE_STANDARD = gnu11;
				GCC_NO_COMMON_BLOCKS = YES;
				GCC_WARN_64_TO_32_BIT_CONVERSION = YES;
				GCC_WARN_ABOUT_RETURN_TYPE = YES_ERROR;
				GCC_WARN_UNDECLARED_SELECTOR = YES;
				GCC_WARN_UNINITIALIZED_AUTOS = YES_AGGRESSIVE;
				GCC_WARN_UNUSED_FUNCTION = YES;
				GCC_WARN_UNUSED_VARIABLE = YES;
				IPHONEOS_DEPLOYMENT_TARGET = 11.1;
				MTL_ENABLE_DEBUG_INFO = NO;
				SDKROOT = iphoneos;
				SWIFT_OPTIMIZATION_LEVEL = "-Owholemodule";
				VALIDATE_PRODUCT = YES;
			};
			name = Release;
		};
		585439A91FCD675F00A2BAE8 /* Debug */ = {
			isa = XCBuildConfiguration;
			buildSettings = {
				ASSETCATALOG_COMPILER_APPICON_NAME = AppIcon;
				CODE_SIGN_STYLE = Automatic;
				INFOPLIST_FILE = "List Shopping/Info.plist";
				LD_RUNPATH_SEARCH_PATHS = "$(inherited) @executable_path/Frameworks";
				PRODUCT_BUNDLE_IDENTIFIER = "ios.ibnu.List-Shopping";
				PRODUCT_NAME = "$(TARGET_NAME)";
				SWIFT_VERSION = 4.0;
				TARGETED_DEVICE_FAMILY = "1,2";
			};
			name = Debug;
		};
		585439AA1FCD675F00A2BAE8 /* Release */ = {
			isa = XCBuildConfiguration;
			buildSettings = {
				ASSETCATALOG_COMPILER_APPICON_NAME = AppIcon;
				CODE_SIGN_STYLE = Automatic;
				INFOPLIST_FILE = "List Shopping/Info.plist";
				LD_RUNPATH_SEARCH_PATHS = "$(inherited) @executable_path/Frameworks";
				PRODUCT_BUNDLE_IDENTIFIER = "ios.ibnu.List-Shopping";
				PRODUCT_NAME = "$(TARGET_NAME)";
				SWIFT_VERSION = 4.0;
				TARGETED_DEVICE_FAMILY = "1,2";
			};
			name = Release;
		};
		585439AC1FCD675F00A2BAE8 /* Debug */ = {
			isa = XCBuildConfiguration;
			buildSettings = {
				ALWAYS_EMBED_SWIFT_STANDARD_LIBRARIES = YES;
				BUNDLE_LOADER = "$(TEST_HOST)";
				CODE_SIGN_STYLE = Automatic;
				INFOPLIST_FILE = "List ShoppingTests/Info.plist";
				LD_RUNPATH_SEARCH_PATHS = "$(inherited) @executable_path/Frameworks @loader_path/Frameworks";
				PRODUCT_BUNDLE_IDENTIFIER = "ios.ibnu.List-ShoppingTests";
				PRODUCT_NAME = "$(TARGET_NAME)";
				SWIFT_VERSION = 4.0;
				TARGETED_DEVICE_FAMILY = "1,2";
				TEST_HOST = "$(BUILT_PRODUCTS_DIR)/List Shopping.app/List Shopping";
			};
			name = Debug;
		};
		585439AD1FCD675F00A2BAE8 /* Release */ = {
			isa = XCBuildConfiguration;
			buildSettings = {
				ALWAYS_EMBED_SWIFT_STANDARD_LIBRARIES = YES;
				BUNDLE_LOADER = "$(TEST_HOST)";
				CODE_SIGN_STYLE = Automatic;
				INFOPLIST_FILE = "List ShoppingTests/Info.plist";
				LD_RUNPATH_SEARCH_PATHS = "$(inherited) @executable_path/Frameworks @loader_path/Frameworks";
				PRODUCT_BUNDLE_IDENTIFIER = "ios.ibnu.List-ShoppingTests";
				PRODUCT_NAME = "$(TARGET_NAME)";
				SWIFT_VERSION = 4.0;
				TARGETED_DEVICE_FAMILY = "1,2";
				TEST_HOST = "$(BUILT_PRODUCTS_DIR)/List Shopping.app/List Shopping";
			};
			name = Release;
		};
		585439AF1FCD675F00A2BAE8 /* Debug */ = {
			isa = XCBuildConfiguration;
			buildSettings = {
				ALWAYS_EMBED_SWIFT_STANDARD_LIBRARIES = YES;
				CODE_SIGN_STYLE = Automatic;
				INFOPLIST_FILE = "List ShoppingUITests/Info.plist";
				LD_RUNPATH_SEARCH_PATHS = "$(inherited) @executable_path/Frameworks @loader_path/Frameworks";
				PRODUCT_BUNDLE_IDENTIFIER = "ios.ibnu.List-ShoppingUITests";
				PRODUCT_NAME = "$(TARGET_NAME)";
				SWIFT_VERSION = 4.0;
				TARGETED_DEVICE_FAMILY = "1,2";
				TEST_TARGET_NAME = "List Shopping";
			};
			name = Debug;
		};
		585439B01FCD675F00A2BAE8 /* Release */ = {
			isa = XCBuildConfiguration;
			buildSettings = {
				ALWAYS_EMBED_SWIFT_STANDARD_LIBRARIES = YES;
				CODE_SIGN_STYLE = Automatic;
				INFOPLIST_FILE = "List ShoppingUITests/Info.plist";
				LD_RUNPATH_SEARCH_PATHS = "$(inherited) @executable_path/Frameworks @loader_path/Frameworks";
				PRODUCT_BUNDLE_IDENTIFIER = "ios.ibnu.List-ShoppingUITests";
				PRODUCT_NAME = "$(TARGET_NAME)";
				SWIFT_VERSION = 4.0;
				TARGETED_DEVICE_FAMILY = "1,2";
				TEST_TARGET_NAME = "List Shopping";
			};
			name = Release;
		};
/* End XCBuildConfiguration section */

/* Begin XCConfigurationList section */
		585439781FCD675F00A2BAE8 /* Build configuration list for PBXProject "List Shopping" */ = {
			isa = XCConfigurationList;
			buildConfigurations = (
				585439A61FCD675F00A2BAE8 /* Debug */,
				585439A71FCD675F00A2BAE8 /* Release */,
			);
			defaultConfigurationIsVisible = 0;
			defaultConfigurationName = Release;
		};
		585439A81FCD675F00A2BAE8 /* Build configuration list for PBXNativeTarget "List Shopping" */ = {
			isa = XCConfigurationList;
			buildConfigurations = (
				585439A91FCD675F00A2BAE8 /* Debug */,
				585439AA1FCD675F00A2BAE8 /* Release */,
			);
			defaultConfigurationIsVisible = 0;
			defaultConfigurationName = Release;
		};
		585439AB1FCD675F00A2BAE8 /* Build configuration list for PBXNativeTarget "List ShoppingTests" */ = {
			isa = XCConfigurationList;
			buildConfigurations = (
				585439AC1FCD675F00A2BAE8 /* Debug */,
				585439AD1FCD675F00A2BAE8 /* Release */,
			);
			defaultConfigurationIsVisible = 0;
			defaultConfigurationName = Release;
		};
		585439AE1FCD675F00A2BAE8 /* Build configuration list for PBXNativeTarget "List ShoppingUITests" */ = {
			isa = XCConfigurationList;
			buildConfigurations = (
				585439AF1FCD675F00A2BAE8 /* Debug */,
				585439B01FCD675F00A2BAE8 /* Release */,
			);
			defaultConfigurationIsVisible = 0;
			defaultConfigurationName = Release;
		};
/* End XCConfigurationList section */

/* Begin XCVersionGroup section */
		585439871FCD675F00A2BAE8 /* List_Shopping.xcdatamodeld */ = {
			isa = XCVersionGroup;
			children = (
				585439881FCD675F00A2BAE8 /* List_Shopping.xcdatamodel */,
			);
			currentVersion = 585439881FCD675F00A2BAE8 /* List_Shopping.xcdatamodel */;
			path = List_Shopping.xcdatamodeld;
			sourceTree = "<group>";
			versionGroupType = wrapper.xcdatamodel;
		};
/* End XCVersionGroup section */
	};
	rootObject = 585439751FCD675F00A2BAE8 /* Project object */;
}
